
Microsoft Visual Studio Solution File, Format Version 12.00
# Visual Studio Version 16
VisualStudioVersion = 16.0.31613.86
MinimumVisualStudioVersion = 10.0.40219.1
Project("{FAE04EC0-301F-11D3-BF4B-00C04F79EFBC}") = "MatrixMul", "MatrixMul.csproj", "{86857F82-B960-4A04-8724-2D64A628C570}"
EndProject
Global
	GlobalSection(SolutionConfigurationPlatforms) = preSolution
		Debug|Any CPU = Debug|Any CPU
		Release|Any CPU = Release|Any CPU
	EndGlobalSection
	GlobalSection(ProjectConfigurationPlatforms) = postSolution
		{86857F82-B960-4A04-8724-2D64A628C570}.Debug|Any CPU.ActiveCfg = Debug|Any CPU
		{86857F82-B960-4A04-8724-2D64A628C570}.Debug|Any CPU.Build.0 = Debug|Any CPU
		{86857F82-B960-4A04-8724-2D64A628C570}.Release|Any CPU.ActiveCfg = Release|Any CPU
		{86857F82-B960-4A04-8724-2D64A628C570}.Release|Any CPU.Build.0 = Release|Any CPU
	EndGlobalSection
	GlobalSection(SolutionProperties) = preSolution
		HideSolutionNode = FALSE
	EndGlobalSection
	GlobalSection(ExtensibilityGlobals) = postSolution
		SolutionGuid = {619DE519-5E57-46F9-9F58-EB5BC7C4BF07}
	EndGlobalSection
EndGlobal
